
Microsoft Visual Studio Solution File, Format Version 12.00
# Visual Studio 15
Project("{FAE04EC0-301F-11D3-BF4B-00C04F79EFBC}") = "Assembly-CSharp-firstpass", "Assembly-CSharp-firstpass.csproj", "{7CC3E012-8127-0206-32C0-DB439B79068F}"
EndProject
Project("{FAE04EC0-301F-11D3-BF4B-00C04F79EFBC}") = "Assembly-CSharp", "Assembly-CSharp.csproj", "{4F6B9C6C-E663-C65A-CBC1-0D95587B28CF}"
EndProject
Project("{FAE04EC0-301F-11D3-BF4B-00C04F79EFBC}") = "Assembly-CSharp-Editor", "Assembly-CSharp-Editor.csproj", "{C6078624-522E-650B-ADE5-9EFFF952DB3F}"
EndProject
Project("{FAE04EC0-301F-11D3-BF4B-00C04F79EFBC}") = "Assembly-CSharp-Editor-firstpass", "Assembly-CSharp-Editor-firstpass.csproj", "{FA8F3630-FF07-A710-B2B3-A3CF7842CA6E}"
EndProject
Global
	GlobalSection(SolutionConfigurationPlatforms) = preSolution
		Debug|Any CPU = Debug|Any CPU
		Release|Any CPU = Release|Any CPU
	EndGlobalSection
	GlobalSection(ProjectConfigurationPlatforms) = postSolution
		{7CC3E012-8127-0206-32C0-DB439B79068F}.Debug|Any CPU.ActiveCfg = Debug|Any CPU
		{7CC3E012-8127-0206-32C0-DB439B79068F}.Debug|Any CPU.Build.0 = Debug|Any CPU
		{7CC3E012-8127-0206-32C0-DB439B79068F}.Release|Any CPU.ActiveCfg = Release|Any CPU
		{7CC3E012-8127-0206-32C0-DB439B79068F}.Release|Any CPU.Build.0 = Release|Any CPU
		{4F6B9C6C-E663-C65A-CBC1-0D95587B28CF}.Debug|Any CPU.ActiveCfg = Debug|Any CPU
		{4F6B9C6C-E663-C65A-CBC1-0D95587B28CF}.Debug|Any CPU.Build.0 = Debug|Any CPU
		{4F6B9C6C-E663-C65A-CBC1-0D95587B28CF}.Release|Any CPU.ActiveCfg = Release|Any CPU
		{4F6B9C6C-E663-C65A-CBC1-0D95587B28CF}.Release|Any CPU.Build.0 = Release|Any CPU
		{C6078624-522E-650B-ADE5-9EFFF952DB3F}.Debug|Any CPU.ActiveCfg = Debug|Any CPU
		{C6078624-522E-650B-ADE5-9EFFF952DB3F}.Debug|Any CPU.Build.0 = Debug|Any CPU
		{C6078624-522E-650B-ADE5-9EFFF952DB3F}.Release|Any CPU.ActiveCfg = Release|Any CPU
		{C6078624-522E-650B-ADE5-9EFFF952DB3F}.Release|Any CPU.Build.0 = Release|Any CPU
		{FA8F3630-FF07-A710-B2B3-A3CF7842CA6E}.Debug|Any CPU.ActiveCfg = Debug|Any CPU
		{FA8F3630-FF07-A710-B2B3-A3CF7842CA6E}.Debug|Any CPU.Build.0 = Debug|Any CPU
		{FA8F3630-FF07-A710-B2B3-A3CF7842CA6E}.Release|Any CPU.ActiveCfg = Release|Any CPU
		{FA8F3630-FF07-A710-B2B3-A3CF7842CA6E}.Release|Any CPU.Build.0 = Release|Any CPU
	EndGlobalSection
	GlobalSection(SolutionProperties) = preSolution
		HideSolutionNode = FALSE
	EndGlobalSection
EndGlobal
